
Microsoft Visual Studio Solution File, Format Version 12.00
# Visual Studio Version 17
VisualStudioVersion = 17.0.31903.59
MinimumVisualStudioVersion = 10.0.40219.1
Project("{2150E333-8FDC-42A3-9474-1A3956D46DE8}") = "1.Fundamentals", "1.Fundamentals", "{EF2B6D5A-5BEF-4FBB-804F-26F7B348E458}"
EndProject
Project("{2150E333-8FDC-42A3-9474-1A3956D46DE8}") = "src", "src", "{F209DC46-A7EC-4159-A8CD-5D6EB634705A}"
EndProject
Project("{2150E333-8FDC-42A3-9474-1A3956D46DE8}") = "test", "test", "{2236ACDD-4DE4-44D7-A2BF-024436A2A2E0}"
EndProject
Project("{9A19103F-16F7-4668-BE54-9A1E7A4F7556}") = "CalculaltorLibrary", "1.Fundamentals\src\CalculaltorLibrary\CalculaltorLibrary.csproj", "{841D0574-E804-4801-97CA-FD5F7C95CCB5}"
EndProject
Project("{9A19103F-16F7-4668-BE54-9A1E7A4F7556}") = "CalculatorLibrary.Tests.Unit", "1.Fundamentals\test\CalculatorLibraryTests\CalculatorLibrary.Tests.Unit.csproj", "{778FC329-225E-4073-8E89-35F9627F8CFF}"
EndProject
Project("{2150E333-8FDC-42A3-9474-1A3956D46DE8}") = "2.Techniques", "2.Techniques", "{5FD084C0-DBC9-426B-B5B9-246576C07354}"
EndProject
Project("{2150E333-8FDC-42A3-9474-1A3956D46DE8}") = "src", "src", "{F08F2834-3A7E-46E3-8737-2E3A56C79D6A}"
EndProject
Project("{2150E333-8FDC-42A3-9474-1A3956D46DE8}") = "test", "test", "{31F4E603-5956-4DE5-9828-E9B75DF68348}"
EndProject
Project("{9A19103F-16F7-4668-BE54-9A1E7A4F7556}") = "TestingTechniques", "2.Techniques\src\TestingTechniques\TestingTechniques.csproj", "{6BECF4AD-E1C4-4F81-BA20-2AFBAAC0D474}"
EndProject
Project("{9A19103F-16F7-4668-BE54-9A1E7A4F7556}") = "TestingTechniques.Tests.Unit", "2.Techniques\test\TestingTechniques.Tests.Unit\TestingTechniques.Tests.Unit.csproj", "{4DAAB300-B437-4386-B538-B363C4293070}"
EndProject
Project("{2150E333-8FDC-42A3-9474-1A3956D46DE8}") = "3.Concepts", "3.Concepts", "{965A92D6-8734-4CB5-BAF0-E160ED27F045}"
EndProject
Project("{2150E333-8FDC-42A3-9474-1A3956D46DE8}") = "src", "src", "{D3FC6378-F099-4645-B4A0-D7A774F1E7F9}"
EndProject
Project("{2150E333-8FDC-42A3-9474-1A3956D46DE8}") = "test", "test", "{0FA7A747-97C1-4FAA-B7F8-D39036E26B8C}"
EndProject
Project("{9A19103F-16F7-4668-BE54-9A1E7A4F7556}") = "UnderstandingDependencies.Api", "3.Concepts\src\UnderstandingDependencies.Api\UnderstandingDependencies.Api.csproj", "{ABBFDC13-0C5B-47B2-A794-974B69E5E5EA}"
EndProject
Project("{9A19103F-16F7-4668-BE54-9A1E7A4F7556}") = "UnderstandingDependencies.Api.Tests.Unit", "3.Concepts\test\UnderstandingDependencies.Api.Tests.Unit\UnderstandingDependencies.Api.Tests.Unit.csproj", "{7137CD1D-64FB-4988-9663-C086FE20862C}"
EndProject
Project("{2150E333-8FDC-42A3-9474-1A3956D46DE8}") = "4.RealWorld", "4.RealWorld", "{B39946C3-CF82-49DB-8443-646BA7E78CFD}"
EndProject
Project("{2150E333-8FDC-42A3-9474-1A3956D46DE8}") = "src", "src", "{372F41E7-F2D6-422A-BD18-00DA8E84E6B9}"
EndProject
Project("{2150E333-8FDC-42A3-9474-1A3956D46DE8}") = "test", "test", "{F8139C25-B0F4-421D-A4A0-9BC83BBF7785}"
EndProject
Project("{9A19103F-16F7-4668-BE54-9A1E7A4F7556}") = "Users.Api", "4.RealWorld\src\Users.Api\Users.Api.csproj", "{DCEB7D9B-6875-4EB9-9702-98A0B7784F5B}"
EndProject
Project("{9A19103F-16F7-4668-BE54-9A1E7A4F7556}") = "Users.Api.Tests.Unit", "4.RealWorld\test\Users.Api.Tests.Unit\Users.Api.Tests.Unit.csproj", "{39A42D7E-6655-43A8-A008-C00EF5B9271E}"
EndProject
Project("{2150E333-8FDC-42A3-9474-1A3956D46DE8}") = "LearningMaterial", "LearningMaterial", "{DCA1EBE7-6173-4887-A8D8-16A04F677A6D}"
EndProject
Project("{9A19103F-16F7-4668-BE54-9A1E7A4F7556}") = "CalculatorLibrary.Tests.Unit", "LearningMaterial\CalculatorLibrary.Tests.Unit\CalculatorLibrary.Tests.Unit.csproj", "{287B4691-D425-4D6B-A303-0CC75304F9CE}"
EndProject
Project("{9A19103F-16F7-4668-BE54-9A1E7A4F7556}") = "Users.Api", "LearningMaterial\Users.Api\Users.Api.csproj", "{B858D31A-8E65-4893-9147-97012374B04B}"
EndProject
Project("{9A19103F-16F7-4668-BE54-9A1E7A4F7556}") = "Users.Api.Tests.Unit.ApiLayer", "LearningMaterial\Users.Api.Tests.Unit.ApiLayer\Users.Api.Tests.Unit.ApiLayer.csproj", "{23BFDAF1-E756-4F5B-963E-204A3D0FF4E0}"
EndProject
Project("{9A19103F-16F7-4668-BE54-9A1E7A4F7556}") = "Users.Api.Tests.Unit.Application", "LearningMaterial\Users.Api.Tests.Unit.Application\Users.Api.Tests.Unit.Application.csproj", "{AE0CA252-975B-420C-9BBA-21230CD049C8}"
EndProject
Global
	GlobalSection(SolutionConfigurationPlatforms) = preSolution
		Debug|Any CPU = Debug|Any CPU
		Release|Any CPU = Release|Any CPU
	EndGlobalSection
	GlobalSection(ProjectConfigurationPlatforms) = postSolution
		{841D0574-E804-4801-97CA-FD5F7C95CCB5}.Debug|Any CPU.ActiveCfg = Debug|Any CPU
		{841D0574-E804-4801-97CA-FD5F7C95CCB5}.Debug|Any CPU.Build.0 = Debug|Any CPU
		{841D0574-E804-4801-97CA-FD5F7C95CCB5}.Release|Any CPU.ActiveCfg = Release|Any CPU
		{841D0574-E804-4801-97CA-FD5F7C95CCB5}.Release|Any CPU.Build.0 = Release|Any CPU
		{778FC329-225E-4073-8E89-35F9627F8CFF}.Debug|Any CPU.ActiveCfg = Debug|Any CPU
		{778FC329-225E-4073-8E89-35F9627F8CFF}.Debug|Any CPU.Build.0 = Debug|Any CPU
		{778FC329-225E-4073-8E89-35F9627F8CFF}.Release|Any CPU.ActiveCfg = Release|Any CPU
		{778FC329-225E-4073-8E89-35F9627F8CFF}.Release|Any CPU.Build.0 = Release|Any CPU
		{6BECF4AD-E1C4-4F81-BA20-2AFBAAC0D474}.Debug|Any CPU.ActiveCfg = Debug|Any CPU
		{6BECF4AD-E1C4-4F81-BA20-2AFBAAC0D474}.Debug|Any CPU.Build.0 = Debug|Any CPU
		{6BECF4AD-E1C4-4F81-BA20-2AFBAAC0D474}.Release|Any CPU.ActiveCfg = Release|Any CPU
		{6BECF4AD-E1C4-4F81-BA20-2AFBAAC0D474}.Release|Any CPU.Build.0 = Release|Any CPU
		{4DAAB300-B437-4386-B538-B363C4293070}.Debug|Any CPU.ActiveCfg = Debug|Any CPU
		{4DAAB300-B437-4386-B538-B363C4293070}.Debug|Any CPU.Build.0 = Debug|Any CPU
		{4DAAB300-B437-4386-B538-B363C4293070}.Release|Any CPU.ActiveCfg = Release|Any CPU
		{4DAAB300-B437-4386-B538-B363C4293070}.Release|Any CPU.Build.0 = Release|Any CPU
		{ABBFDC13-0C5B-47B2-A794-974B69E5E5EA}.Debug|Any CPU.ActiveCfg = Debug|Any CPU
		{ABBFDC13-0C5B-47B2-A794-974B69E5E5EA}.Debug|Any CPU.Build.0 = Debug|Any CPU
		{ABBFDC13-0C5B-47B2-A794-974B69E5E5EA}.Release|Any CPU.ActiveCfg = Release|Any CPU
		{ABBFDC13-0C5B-47B2-A794-974B69E5E5EA}.Release|Any CPU.Build.0 = Release|Any CPU
		{7137CD1D-64FB-4988-9663-C086FE20862C}.Debug|Any CPU.ActiveCfg = Debug|Any CPU
		{7137CD1D-64FB-4988-9663-C086FE20862C}.Debug|Any CPU.Build.0 = Debug|Any CPU
		{7137CD1D-64FB-4988-9663-C086FE20862C}.Release|Any CPU.ActiveCfg = Release|Any CPU
		{7137CD1D-64FB-4988-9663-C086FE20862C}.Release|Any CPU.Build.0 = Release|Any CPU
		{DCEB7D9B-6875-4EB9-9702-98A0B7784F5B}.Debug|Any CPU.ActiveCfg = Debug|Any CPU
		{DCEB7D9B-6875-4EB9-9702-98A0B7784F5B}.Debug|Any CPU.Build.0 = Debug|Any CPU
		{DCEB7D9B-6875-4EB9-9702-98A0B7784F5B}.Release|Any CPU.ActiveCfg = Release|Any CPU
		{DCEB7D9B-6875-4EB9-9702-98A0B7784F5B}.Release|Any CPU.Build.0 = Release|Any CPU
		{39A42D7E-6655-43A8-A008-C00EF5B9271E}.Debug|Any CPU.ActiveCfg = Debug|Any CPU
		{39A42D7E-6655-43A8-A008-C00EF5B9271E}.Debug|Any CPU.Build.0 = Debug|Any CPU
		{39A42D7E-6655-43A8-A008-C00EF5B9271E}.Release|Any CPU.ActiveCfg = Release|Any CPU
		{39A42D7E-6655-43A8-A008-C00EF5B9271E}.Release|Any CPU.Build.0 = Release|Any CPU
		{287B4691-D425-4D6B-A303-0CC75304F9CE}.Debug|Any CPU.ActiveCfg = Debug|Any CPU
		{287B4691-D425-4D6B-A303-0CC75304F9CE}.Debug|Any CPU.Build.0 = Debug|Any CPU
		{287B4691-D425-4D6B-A303-0CC75304F9CE}.Release|Any CPU.ActiveCfg = Release|Any CPU
		{287B4691-D425-4D6B-A303-0CC75304F9CE}.Release|Any CPU.Build.0 = Release|Any CPU
		{B858D31A-8E65-4893-9147-97012374B04B}.Debug|Any CPU.ActiveCfg = Debug|Any CPU
		{B858D31A-8E65-4893-9147-97012374B04B}.Debug|Any CPU.Build.0 = Debug|Any CPU
		{B858D31A-8E65-4893-9147-97012374B04B}.Release|Any CPU.ActiveCfg = Release|Any CPU
		{B858D31A-8E65-4893-9147-97012374B04B}.Release|Any CPU.Build.0 = Release|Any CPU
		{23BFDAF1-E756-4F5B-963E-204A3D0FF4E0}.Debug|Any CPU.ActiveCfg = Debug|Any CPU
		{23BFDAF1-E756-4F5B-963E-204A3D0FF4E0}.Debug|Any CPU.Build.0 = Debug|Any CPU
		{23BFDAF1-E756-4F5B-963E-204A3D0FF4E0}.Release|Any CPU.ActiveCfg = Release|Any CPU
		{23BFDAF1-E756-4F5B-963E-204A3D0FF4E0}.Release|Any CPU.Build.0 = Release|Any CPU
		{AE0CA252-975B-420C-9BBA-21230CD049C8}.Debug|Any CPU.ActiveCfg = Debug|Any CPU
		{AE0CA252-975B-420C-9BBA-21230CD049C8}.Debug|Any CPU.Build.0 = Debug|Any CPU
		{AE0CA252-975B-420C-9BBA-21230CD049C8}.Release|Any CPU.ActiveCfg = Release|Any CPU
		{AE0CA252-975B-420C-9BBA-21230CD049C8}.Release|Any CPU.Build.0 = Release|Any CPU
	EndGlobalSection
	GlobalSection(SolutionProperties) = preSolution
		HideSolutionNode = FALSE
	EndGlobalSection
	GlobalSection(NestedProjects) = preSolution
		{F209DC46-A7EC-4159-A8CD-5D6EB634705A} = {EF2B6D5A-5BEF-4FBB-804F-26F7B348E458}
		{2236ACDD-4DE4-44D7-A2BF-024436A2A2E0} = {EF2B6D5A-5BEF-4FBB-804F-26F7B348E458}
		{841D0574-E804-4801-97CA-FD5F7C95CCB5} = {F209DC46-A7EC-4159-A8CD-5D6EB634705A}
		{778FC329-225E-4073-8E89-35F9627F8CFF} = {2236ACDD-4DE4-44D7-A2BF-024436A2A2E0}
		{F08F2834-3A7E-46E3-8737-2E3A56C79D6A} = {5FD084C0-DBC9-426B-B5B9-246576C07354}
		{31F4E603-5956-4DE5-9828-E9B75DF68348} = {5FD084C0-DBC9-426B-B5B9-246576C07354}
		{6BECF4AD-E1C4-4F81-BA20-2AFBAAC0D474} = {F08F2834-3A7E-46E3-8737-2E3A56C79D6A}
		{4DAAB300-B437-4386-B538-B363C4293070} = {31F4E603-5956-4DE5-9828-E9B75DF68348}
		{D3FC6378-F099-4645-B4A0-D7A774F1E7F9} = {965A92D6-8734-4CB5-BAF0-E160ED27F045}
		{0FA7A747-97C1-4FAA-B7F8-D39036E26B8C} = {965A92D6-8734-4CB5-BAF0-E160ED27F045}
		{ABBFDC13-0C5B-47B2-A794-974B69E5E5EA} = {D3FC6378-F099-4645-B4A0-D7A774F1E7F9}
		{7137CD1D-64FB-4988-9663-C086FE20862C} = {0FA7A747-97C1-4FAA-B7F8-D39036E26B8C}
		{372F41E7-F2D6-422A-BD18-00DA8E84E6B9} = {B39946C3-CF82-49DB-8443-646BA7E78CFD}
		{F8139C25-B0F4-421D-A4A0-9BC83BBF7785} = {B39946C3-CF82-49DB-8443-646BA7E78CFD}
		{DCEB7D9B-6875-4EB9-9702-98A0B7784F5B} = {372F41E7-F2D6-422A-BD18-00DA8E84E6B9}
		{39A42D7E-6655-43A8-A008-C00EF5B9271E} = {F8139C25-B0F4-421D-A4A0-9BC83BBF7785}
		{287B4691-D425-4D6B-A303-0CC75304F9CE} = {DCA1EBE7-6173-4887-A8D8-16A04F677A6D}
		{B858D31A-8E65-4893-9147-97012374B04B} = {DCA1EBE7-6173-4887-A8D8-16A04F677A6D}
		{23BFDAF1-E756-4F5B-963E-204A3D0FF4E0} = {DCA1EBE7-6173-4887-A8D8-16A04F677A6D}
		{AE0CA252-975B-420C-9BBA-21230CD049C8} = {DCA1EBE7-6173-4887-A8D8-16A04F677A6D}
	EndGlobalSection
	GlobalSection(ExtensibilityGlobals) = postSolution
		SolutionGuid = {6C374A23-52DC-456F-8D96-EC6D2DED77F6}
	EndGlobalSection
EndGlobal
